# generated by rye
# use `rye lock` or `rye sync` to update this lockfile
#
# last locked with the following flags:
#   pre: false
#   features: []
#   all-features: true
#   with-sources: false
#   generate-hashes: false
#   universal: true

-e file:.
attrs==23.2.0
    # via outcome
    # via trio
certifi==2024.7.4
    # via requests
    # via selenium
cffi==1.16.0 ; implementation_name != 'pypy' and os_name == 'nt'
    # via trio
charset-normalizer==3.3.2
    # via requests
dateparser==1.2.0
    # via manen
exceptiongroup==1.2.2 ; python_version < '3.11'
    # via trio
    # via trio-websocket
h11==0.14.0
    # via wsproto
idna==3.7
    # via requests
    # via trio
outcome==1.3.0.post0
    # via trio
polling2==0.4.7
    # via manen
prompt-toolkit==3.0.47
    # via questionary
pycparser==2.22 ; implementation_name != 'pypy' and os_name == 'nt'
    # via cffi
pysocks==1.7.1
    # via urllib3
python-dateutil==2.9.0.post0
    # via dateparser
pytz==2024.1
    # via dateparser
pyyaml==6.0.1
    # via manen
questionary==1.10.0
    # via manen
regex==2024.5.15
    # via dateparser
requests==2.32.3
    # via manen
selenium==4.22.0
    # via manen
six==1.16.0
    # via python-dateutil
sniffio==1.3.1
    # via trio
sortedcontainers==2.4.0
    # via trio
trio==0.26.0
    # via selenium
    # via trio-websocket
trio-websocket==0.11.1
    # via selenium
typing-extensions==4.12.2
    # via selenium
tzdata==2024.1 ; platform_system == 'Windows'
    # via tzlocal
tzlocal==5.2
    # via dateparser
urllib3==2.2.2
    # via requests
    # via selenium
wcwidth==0.2.13
    # via prompt-toolkit
websocket-client==1.8.0
    # via selenium
wsproto==1.2.0
    # via trio-websocket
